
Microsoft Visual Studio Solution File, Format Version 12.00
# Visual Studio Version 17
VisualStudioVersion = 17.1.32228.430
MinimumVisualStudioVersion = 10.0.40219.1
Project("{9A19103F-16F7-4668-BE54-9A1E7A4F7556}") = "DataStructures", "DataStructures\DataStructures.csproj", "{9FD9910C-0FDB-4A1E-964C-682642B75610}"
EndProject
Project("{9A19103F-16F7-4668-BE54-9A1E7A4F7556}") = "Apps", "..\..\..\C# VE ALGORİTMA İLERİ SEVİYE\Kodlarım\Apps\Apps.csproj", "{17B294DD-2F9A-46CA-BF37-2C81C376F807}"
EndProject
Global
	GlobalSection(SolutionConfigurationPlatforms) = preSolution
		Debug|Any CPU = Debug|Any CPU
		Release|Any CPU = Release|Any CPU
	EndGlobalSection
	GlobalSection(ProjectConfigurationPlatforms) = postSolution
		{9FD9910C-0FDB-4A1E-964C-682642B75610}.Debug|Any CPU.ActiveCfg = Debug|Any CPU
		{9FD9910C-0FDB-4A1E-964C-682642B75610}.Debug|Any CPU.Build.0 = Debug|Any CPU
		{9FD9910C-0FDB-4A1E-964C-682642B75610}.Release|Any CPU.ActiveCfg = Release|Any CPU
		{9FD9910C-0FDB-4A1E-964C-682642B75610}.Release|Any CPU.Build.0 = Release|Any CPU
		{17B294DD-2F9A-46CA-BF37-2C81C376F807}.Debug|Any CPU.ActiveCfg = Debug|Any CPU
		{17B294DD-2F9A-46CA-BF37-2C81C376F807}.Debug|Any CPU.Build.0 = Debug|Any CPU
		{17B294DD-2F9A-46CA-BF37-2C81C376F807}.Release|Any CPU.ActiveCfg = Release|Any CPU
		{17B294DD-2F9A-46CA-BF37-2C81C376F807}.Release|Any CPU.Build.0 = Release|Any CPU
	EndGlobalSection
	GlobalSection(SolutionProperties) = preSolution
		HideSolutionNode = FALSE
	EndGlobalSection
	GlobalSection(ExtensibilityGlobals) = postSolution
		SolutionGuid = {DF0270BB-FDA7-4AC1-AEB9-E672051481C6}
	EndGlobalSection
EndGlobal
